
Microsoft Visual Studio Solution File, Format Version 12.00
# Visual Studio 15
VisualStudioVersion = 15.0.28307.779
MinimumVisualStudioVersion = 10.0.40219.1
Project("{FAE04EC0-301F-11D3-BF4B-00C04F79EFBC}") = "WorkshopEventHandlers", "WorkshopEventHandlers\WorkshopEventHandlers.csproj", "{7FC07C6D-3A2D-42BF-A229-EF8CFDD962ED}"
EndProject
Global
	GlobalSection(SolutionConfigurationPlatforms) = preSolution
		Debug|Any CPU = Debug|Any CPU
		Release|Any CPU = Release|Any CPU
	EndGlobalSection
	GlobalSection(ProjectConfigurationPlatforms) = postSolution
		{7FC07C6D-3A2D-42BF-A229-EF8CFDD962ED}.Debug|Any CPU.ActiveCfg = Debug|Any CPU
		{7FC07C6D-3A2D-42BF-A229-EF8CFDD962ED}.Debug|Any CPU.Build.0 = Debug|Any CPU
		{7FC07C6D-3A2D-42BF-A229-EF8CFDD962ED}.Release|Any CPU.ActiveCfg = Release|Any CPU
		{7FC07C6D-3A2D-42BF-A229-EF8CFDD962ED}.Release|Any CPU.Build.0 = Release|Any CPU
	EndGlobalSection
	GlobalSection(SolutionProperties) = preSolution
		HideSolutionNode = FALSE
	EndGlobalSection
	GlobalSection(ExtensibilityGlobals) = postSolution
		SolutionGuid = {1978406F-6CA2-42E2-82BC-9139EBA25FF2}
	EndGlobalSection
EndGlobal
